
Microsoft Visual Studio Solution File, Format Version 12.00
# Visual Studio Version 17
VisualStudioVersion = 17.0.31423.177
MinimumVisualStudioVersion = 10.0.40219.1
Project("{2150E333-8FDC-42A3-9474-1A3956D46DE8}") = "src", "src", "{82C07F00-FE5F-4150-AB36-8D3B7F316439}"
EndProject
Project("{9A19103F-16F7-4668-BE54-9A1E7A4F7556}") = "DED.API", "src\DED.API\DED.API.csproj", "{C0D17221-3E99-4601-9D15-D4447D42EB5B}"
EndProject
Project("{9A19103F-16F7-4668-BE54-9A1E7A4F7556}") = "DED.DevicesBus", "src\DED.DevicesBus\DED.DevicesBus.csproj", "{B809DBBB-C6AC-431B-AEEE-418E56E15FEF}"
EndProject
Project("{2150E333-8FDC-42A3-9474-1A3956D46DE8}") = "Solution Items", "Solution Items", "{7E4B7E00-C722-4119-89A6-99C88661BADA}"
	ProjectSection(SolutionItems) = preProject
		README.md = README.md
	EndProjectSection
EndProject
Project("{E53339B2-1760-4266-BCC7-CA923CBCF16C}") = "docker-compose", "docker-compose.dcproj", "{BB91A587-D628-44C5-8EBF-20EEA9081E73}"
EndProject
Project("{9A19103F-16F7-4668-BE54-9A1E7A4F7556}") = "DED.Message", "src\DED.Message\DED.Message.csproj", "{3EA82682-0B2E-4E65-830F-DDDB075A9C85}"
EndProject
Project("{9A19103F-16F7-4668-BE54-9A1E7A4F7556}") = "DED.Domain", "src\DED.Domain\DED.Domain.csproj", "{E7EB5025-194E-478A-B357-C8C3344770C2}"
EndProject
Project("{9A19103F-16F7-4668-BE54-9A1E7A4F7556}") = "DED.Web", "src\DED.Web\DED.Web.csproj", "{2B11D7DF-2682-4F58-B859-8F85726777C0}"
EndProject
Project("{2150E333-8FDC-42A3-9474-1A3956D46DE8}") = "Domain", "Domain", "{53F849E6-DC6D-45EF-ABB7-AFF7495C9945}"
EndProject
Project("{9A19103F-16F7-4668-BE54-9A1E7A4F7556}") = "DED.Domain.UnitTests", "src\DED.Domain.UnitTests\DED.Domain.UnitTests.csproj", "{728B2D00-16CD-45F8-97C8-0D685A2812D8}"
EndProject
Project("{FAE04EC0-301F-11D3-BF4B-00C04F79EFBC}") = "DED.Events", "src\DED.Events\DED.Events.csproj", "{808837C4-AFFF-4209-AA77-B43C5C534952}"
EndProject
Global
	GlobalSection(SolutionConfigurationPlatforms) = preSolution
		Debug|Any CPU = Debug|Any CPU
		Debug|x64 = Debug|x64
		Debug|x86 = Debug|x86
		Release|Any CPU = Release|Any CPU
		Release|x64 = Release|x64
		Release|x86 = Release|x86
	EndGlobalSection
	GlobalSection(ProjectConfigurationPlatforms) = postSolution
		{C0D17221-3E99-4601-9D15-D4447D42EB5B}.Debug|Any CPU.ActiveCfg = Debug|Any CPU
		{C0D17221-3E99-4601-9D15-D4447D42EB5B}.Debug|Any CPU.Build.0 = Debug|Any CPU
		{C0D17221-3E99-4601-9D15-D4447D42EB5B}.Debug|x64.ActiveCfg = Debug|Any CPU
		{C0D17221-3E99-4601-9D15-D4447D42EB5B}.Debug|x64.Build.0 = Debug|Any CPU
		{C0D17221-3E99-4601-9D15-D4447D42EB5B}.Debug|x86.ActiveCfg = Debug|Any CPU
		{C0D17221-3E99-4601-9D15-D4447D42EB5B}.Debug|x86.Build.0 = Debug|Any CPU
		{C0D17221-3E99-4601-9D15-D4447D42EB5B}.Release|Any CPU.ActiveCfg = Release|Any CPU
		{C0D17221-3E99-4601-9D15-D4447D42EB5B}.Release|Any CPU.Build.0 = Release|Any CPU
		{C0D17221-3E99-4601-9D15-D4447D42EB5B}.Release|x64.ActiveCfg = Release|Any CPU
		{C0D17221-3E99-4601-9D15-D4447D42EB5B}.Release|x64.Build.0 = Release|Any CPU
		{C0D17221-3E99-4601-9D15-D4447D42EB5B}.Release|x86.ActiveCfg = Release|Any CPU
		{C0D17221-3E99-4601-9D15-D4447D42EB5B}.Release|x86.Build.0 = Release|Any CPU
		{B809DBBB-C6AC-431B-AEEE-418E56E15FEF}.Debug|Any CPU.ActiveCfg = Debug|Any CPU
		{B809DBBB-C6AC-431B-AEEE-418E56E15FEF}.Debug|Any CPU.Build.0 = Debug|Any CPU
		{B809DBBB-C6AC-431B-AEEE-418E56E15FEF}.Debug|x64.ActiveCfg = Debug|Any CPU
		{B809DBBB-C6AC-431B-AEEE-418E56E15FEF}.Debug|x64.Build.0 = Debug|Any CPU
		{B809DBBB-C6AC-431B-AEEE-418E56E15FEF}.Debug|x86.ActiveCfg = Debug|Any CPU
		{B809DBBB-C6AC-431B-AEEE-418E56E15FEF}.Debug|x86.Build.0 = Debug|Any CPU
		{B809DBBB-C6AC-431B-AEEE-418E56E15FEF}.Release|Any CPU.ActiveCfg = Release|Any CPU
		{B809DBBB-C6AC-431B-AEEE-418E56E15FEF}.Release|Any CPU.Build.0 = Release|Any CPU
		{B809DBBB-C6AC-431B-AEEE-418E56E15FEF}.Release|x64.ActiveCfg = Release|Any CPU
		{B809DBBB-C6AC-431B-AEEE-418E56E15FEF}.Release|x64.Build.0 = Release|Any CPU
		{B809DBBB-C6AC-431B-AEEE-418E56E15FEF}.Release|x86.ActiveCfg = Release|Any CPU
		{B809DBBB-C6AC-431B-AEEE-418E56E15FEF}.Release|x86.Build.0 = Release|Any CPU
		{BB91A587-D628-44C5-8EBF-20EEA9081E73}.Debug|Any CPU.ActiveCfg = Debug|Any CPU
		{BB91A587-D628-44C5-8EBF-20EEA9081E73}.Debug|Any CPU.Build.0 = Debug|Any CPU
		{BB91A587-D628-44C5-8EBF-20EEA9081E73}.Debug|x64.ActiveCfg = Debug|Any CPU
		{BB91A587-D628-44C5-8EBF-20EEA9081E73}.Debug|x64.Build.0 = Debug|Any CPU
		{BB91A587-D628-44C5-8EBF-20EEA9081E73}.Debug|x86.ActiveCfg = Debug|Any CPU
		{BB91A587-D628-44C5-8EBF-20EEA9081E73}.Debug|x86.Build.0 = Debug|Any CPU
		{BB91A587-D628-44C5-8EBF-20EEA9081E73}.Release|Any CPU.ActiveCfg = Release|Any CPU
		{BB91A587-D628-44C5-8EBF-20EEA9081E73}.Release|Any CPU.Build.0 = Release|Any CPU
		{BB91A587-D628-44C5-8EBF-20EEA9081E73}.Release|x64.ActiveCfg = Release|Any CPU
		{BB91A587-D628-44C5-8EBF-20EEA9081E73}.Release|x64.Build.0 = Release|Any CPU
		{BB91A587-D628-44C5-8EBF-20EEA9081E73}.Release|x86.ActiveCfg = Release|Any CPU
		{BB91A587-D628-44C5-8EBF-20EEA9081E73}.Release|x86.Build.0 = Release|Any CPU
		{3EA82682-0B2E-4E65-830F-DDDB075A9C85}.Debug|Any CPU.ActiveCfg = Debug|Any CPU
		{3EA82682-0B2E-4E65-830F-DDDB075A9C85}.Debug|Any CPU.Build.0 = Debug|Any CPU
		{3EA82682-0B2E-4E65-830F-DDDB075A9C85}.Debug|x64.ActiveCfg = Debug|Any CPU
		{3EA82682-0B2E-4E65-830F-DDDB075A9C85}.Debug|x64.Build.0 = Debug|Any CPU
		{3EA82682-0B2E-4E65-830F-DDDB075A9C85}.Debug|x86.ActiveCfg = Debug|Any CPU
		{3EA82682-0B2E-4E65-830F-DDDB075A9C85}.Debug|x86.Build.0 = Debug|Any CPU
		{3EA82682-0B2E-4E65-830F-DDDB075A9C85}.Release|Any CPU.ActiveCfg = Release|Any CPU
		{3EA82682-0B2E-4E65-830F-DDDB075A9C85}.Release|Any CPU.Build.0 = Release|Any CPU
		{3EA82682-0B2E-4E65-830F-DDDB075A9C85}.Release|x64.ActiveCfg = Release|Any CPU
		{3EA82682-0B2E-4E65-830F-DDDB075A9C85}.Release|x64.Build.0 = Release|Any CPU
		{3EA82682-0B2E-4E65-830F-DDDB075A9C85}.Release|x86.ActiveCfg = Release|Any CPU
		{3EA82682-0B2E-4E65-830F-DDDB075A9C85}.Release|x86.Build.0 = Release|Any CPU
		{E7EB5025-194E-478A-B357-C8C3344770C2}.Debug|Any CPU.ActiveCfg = Debug|Any CPU
		{E7EB5025-194E-478A-B357-C8C3344770C2}.Debug|Any CPU.Build.0 = Debug|Any CPU
		{E7EB5025-194E-478A-B357-C8C3344770C2}.Debug|x64.ActiveCfg = Debug|Any CPU
		{E7EB5025-194E-478A-B357-C8C3344770C2}.Debug|x64.Build.0 = Debug|Any CPU
		{E7EB5025-194E-478A-B357-C8C3344770C2}.Debug|x86.ActiveCfg = Debug|Any CPU
		{E7EB5025-194E-478A-B357-C8C3344770C2}.Debug|x86.Build.0 = Debug|Any CPU
		{E7EB5025-194E-478A-B357-C8C3344770C2}.Release|Any CPU.ActiveCfg = Release|Any CPU
		{E7EB5025-194E-478A-B357-C8C3344770C2}.Release|Any CPU.Build.0 = Release|Any CPU
		{E7EB5025-194E-478A-B357-C8C3344770C2}.Release|x64.ActiveCfg = Release|Any CPU
		{E7EB5025-194E-478A-B357-C8C3344770C2}.Release|x64.Build.0 = Release|Any CPU
		{E7EB5025-194E-478A-B357-C8C3344770C2}.Release|x86.ActiveCfg = Release|Any CPU
		{E7EB5025-194E-478A-B357-C8C3344770C2}.Release|x86.Build.0 = Release|Any CPU
		{2B11D7DF-2682-4F58-B859-8F85726777C0}.Debug|Any CPU.ActiveCfg = Debug|Any CPU
		{2B11D7DF-2682-4F58-B859-8F85726777C0}.Debug|Any CPU.Build.0 = Debug|Any CPU
		{2B11D7DF-2682-4F58-B859-8F85726777C0}.Debug|x64.ActiveCfg = Debug|Any CPU
		{2B11D7DF-2682-4F58-B859-8F85726777C0}.Debug|x64.Build.0 = Debug|Any CPU
		{2B11D7DF-2682-4F58-B859-8F85726777C0}.Debug|x86.ActiveCfg = Debug|Any CPU
		{2B11D7DF-2682-4F58-B859-8F85726777C0}.Debug|x86.Build.0 = Debug|Any CPU
		{2B11D7DF-2682-4F58-B859-8F85726777C0}.Release|Any CPU.ActiveCfg = Release|Any CPU
		{2B11D7DF-2682-4F58-B859-8F85726777C0}.Release|Any CPU.Build.0 = Release|Any CPU
		{2B11D7DF-2682-4F58-B859-8F85726777C0}.Release|x64.ActiveCfg = Release|Any CPU
		{2B11D7DF-2682-4F58-B859-8F85726777C0}.Release|x64.Build.0 = Release|Any CPU
		{2B11D7DF-2682-4F58-B859-8F85726777C0}.Release|x86.ActiveCfg = Release|Any CPU
		{2B11D7DF-2682-4F58-B859-8F85726777C0}.Release|x86.Build.0 = Release|Any CPU
		{728B2D00-16CD-45F8-97C8-0D685A2812D8}.Debug|Any CPU.ActiveCfg = Debug|Any CPU
		{728B2D00-16CD-45F8-97C8-0D685A2812D8}.Debug|Any CPU.Build.0 = Debug|Any CPU
		{728B2D00-16CD-45F8-97C8-0D685A2812D8}.Debug|x64.ActiveCfg = Debug|Any CPU
		{728B2D00-16CD-45F8-97C8-0D685A2812D8}.Debug|x64.Build.0 = Debug|Any CPU
		{728B2D00-16CD-45F8-97C8-0D685A2812D8}.Debug|x86.ActiveCfg = Debug|Any CPU
		{728B2D00-16CD-45F8-97C8-0D685A2812D8}.Debug|x86.Build.0 = Debug|Any CPU
		{728B2D00-16CD-45F8-97C8-0D685A2812D8}.Release|Any CPU.ActiveCfg = Release|Any CPU
		{728B2D00-16CD-45F8-97C8-0D685A2812D8}.Release|Any CPU.Build.0 = Release|Any CPU
		{728B2D00-16CD-45F8-97C8-0D685A2812D8}.Release|x64.ActiveCfg = Release|Any CPU
		{728B2D00-16CD-45F8-97C8-0D685A2812D8}.Release|x64.Build.0 = Release|Any CPU
		{728B2D00-16CD-45F8-97C8-0D685A2812D8}.Release|x86.ActiveCfg = Release|Any CPU
		{728B2D00-16CD-45F8-97C8-0D685A2812D8}.Release|x86.Build.0 = Release|Any CPU
		{808837C4-AFFF-4209-AA77-B43C5C534952}.Debug|Any CPU.ActiveCfg = Debug|Any CPU
		{808837C4-AFFF-4209-AA77-B43C5C534952}.Debug|Any CPU.Build.0 = Debug|Any CPU
		{808837C4-AFFF-4209-AA77-B43C5C534952}.Debug|x64.ActiveCfg = Debug|Any CPU
		{808837C4-AFFF-4209-AA77-B43C5C534952}.Debug|x64.Build.0 = Debug|Any CPU
		{808837C4-AFFF-4209-AA77-B43C5C534952}.Debug|x86.ActiveCfg = Debug|Any CPU
		{808837C4-AFFF-4209-AA77-B43C5C534952}.Debug|x86.Build.0 = Debug|Any CPU
		{808837C4-AFFF-4209-AA77-B43C5C534952}.Release|Any CPU.ActiveCfg = Release|Any CPU
		{808837C4-AFFF-4209-AA77-B43C5C534952}.Release|Any CPU.Build.0 = Release|Any CPU
		{808837C4-AFFF-4209-AA77-B43C5C534952}.Release|x64.ActiveCfg = Release|Any CPU
		{808837C4-AFFF-4209-AA77-B43C5C534952}.Release|x64.Build.0 = Release|Any CPU
		{808837C4-AFFF-4209-AA77-B43C5C534952}.Release|x86.ActiveCfg = Release|Any CPU
		{808837C4-AFFF-4209-AA77-B43C5C534952}.Release|x86.Build.0 = Release|Any CPU
	EndGlobalSection
	GlobalSection(SolutionProperties) = preSolution
		HideSolutionNode = FALSE
	EndGlobalSection
	GlobalSection(NestedProjects) = preSolution
		{C0D17221-3E99-4601-9D15-D4447D42EB5B} = {82C07F00-FE5F-4150-AB36-8D3B7F316439}
		{B809DBBB-C6AC-431B-AEEE-418E56E15FEF} = {82C07F00-FE5F-4150-AB36-8D3B7F316439}
		{BB91A587-D628-44C5-8EBF-20EEA9081E73} = {7E4B7E00-C722-4119-89A6-99C88661BADA}
		{3EA82682-0B2E-4E65-830F-DDDB075A9C85} = {82C07F00-FE5F-4150-AB36-8D3B7F316439}
		{E7EB5025-194E-478A-B357-C8C3344770C2} = {53F849E6-DC6D-45EF-ABB7-AFF7495C9945}
		{2B11D7DF-2682-4F58-B859-8F85726777C0} = {82C07F00-FE5F-4150-AB36-8D3B7F316439}
		{53F849E6-DC6D-45EF-ABB7-AFF7495C9945} = {82C07F00-FE5F-4150-AB36-8D3B7F316439}
		{728B2D00-16CD-45F8-97C8-0D685A2812D8} = {53F849E6-DC6D-45EF-ABB7-AFF7495C9945}
		{808837C4-AFFF-4209-AA77-B43C5C534952} = {82C07F00-FE5F-4150-AB36-8D3B7F316439}
	EndGlobalSection
	GlobalSection(ExtensibilityGlobals) = postSolution
		SolutionGuid = {481B4458-F8D4-47DB-B57E-71A8C0EEFCCC}
	EndGlobalSection
EndGlobal
